
Microsoft Visual Studio Solution File, Format Version 12.00
# Visual Studio Version 16
VisualStudioVersion = 16.0.30204.135
MinimumVisualStudioVersion = 10.0.40219.1
Project("{FAE04EC0-301F-11D3-BF4B-00C04F79EFBC}") = "HelloGit", "HelloGit\HelloGit.csproj", "{A687EDB7-6CD2-4B0B-8F71-74330C29014D}"
EndProject
Global
	GlobalSection(SolutionConfigurationPlatforms) = preSolution
		Debug|Any CPU = Debug|Any CPU
		Release|Any CPU = Release|Any CPU
	EndGlobalSection
	GlobalSection(ProjectConfigurationPlatforms) = postSolution
		{A687EDB7-6CD2-4B0B-8F71-74330C29014D}.Debug|Any CPU.ActiveCfg = Debug|Any CPU
		{A687EDB7-6CD2-4B0B-8F71-74330C29014D}.Debug|Any CPU.Build.0 = Debug|Any CPU
		{A687EDB7-6CD2-4B0B-8F71-74330C29014D}.Release|Any CPU.ActiveCfg = Release|Any CPU
		{A687EDB7-6CD2-4B0B-8F71-74330C29014D}.Release|Any CPU.Build.0 = Release|Any CPU
	EndGlobalSection
	GlobalSection(SolutionProperties) = preSolution
		HideSolutionNode = FALSE
	EndGlobalSection
	GlobalSection(ExtensibilityGlobals) = postSolution
		SolutionGuid = {BE5E279D-12F4-492A-97AE-0E506DFA9864}
	EndGlobalSection
EndGlobal
